GEM
  remote: https://rubygems.org/
  specs:
    addressable (2.9.0)
      public_suffix (>= 2.0.2, < 8.0)
    clocale (0.0.4)
    colorls (1.5.0)
      addressable (~> 2.7)
      clocale (~> 0)
      filesize (~> 0)
      manpages (~> 0)
      rainbow (>= 2.2, < 4.0)
      unicode-display_width (>= 1.7, < 3.0)
    filesize (0.2.0)
    lolcat (100.0.1)
      manpages (~> 0.6.1)
      optimist (~> 3.0.0)
      paint (~> 2.1)
    manpages (0.6.1)
    optimist (3.0.1)
    paint (2.3.0)
    public_suffix (7.0.5)
    rainbow (3.1.1)
    unicode-display_width (2.6.0)

PLATFORMS
  ruby
  x86_64-darwin-25

DEPENDENCIES
  colorls
  lolcat

CHECKSUMS
  addressable (2.9.0) sha256=7fdf6ac3660f7f4e867a0838be3f6cf722ace541dd97767fa42bc6cfa980c7af
  bundler (4.0.21) sha256=7cbf5499b426076aa16c8d28a59e4c2c3aad5a438402abcd961f0119f29f1dd0
  clocale (0.0.4) sha256=5f0e80577eb0dfa9717cfa29194ed570f02b17494f114b57b3dfb4fae159b718
  colorls (1.5.0) sha256=b0933fa8c82f088a05c2599ab50e32fe2842a06b2ae2eec2ab16e4c5f6effff0
  filesize (0.2.0) sha256=0f5db8629d628b60857dd8e7b8d52f427e6b7b9dc49265bfda71c0d383cbe79e
  lolcat (100.0.1) sha256=983c8a9bc2742bfcd3a5174564b2710cf177ae96884ee9f112cfe1b61188e88e
  manpages (0.6.1) sha256=cdbad16823c8510c15a93d4cdbd46e7b4290aff8b10f3d4b70caa8e62c8de686
  optimist (3.0.1) sha256=336b753676d6117cad9301fac7e91dab4228f747d4e7179891ad3a163c64e2ed
  paint (2.3.0) sha256=327d623e4038619d5bd99ae5db07973859cd78400c7f0329eea283cef8e83be5
  public_suffix (7.0.5) sha256=1a8bb08f1bbea19228d3bed6e5ed908d1cb4f7c2726d18bd9cadf60bc676f623
  rainbow (3.1.1) sha256=039491aa3a89f42efa1d6dec2fc4e62ede96eb6acd95e52f1ad581182b79bc6a
  unicode-display_width (2.6.0) sha256=12279874bba6d5e4d2728cef814b19197dbb10d7a7837a869bab65da943b7f5a

BUNDLED WITH
  4.0.21
